
Microsoft Visual Studio Solution File, Format Version 12.00
# Visual Studio Version 16
VisualStudioVersion = 16.0.32126.315
MinimumVisualStudioVersion = 10.0.40219.1
Project("{FAE04EC0-301F-11D3-BF4B-00C04F79EFBC}") = "WorldFestSolution.ImportApp", "WorldFestSolution.ImportApp\WorldFestSolution.ImportApp.csproj", "{19BF50B4-1541-4D21-8E41-1580F912E65A}"
EndProject
Project("{FAE04EC0-301F-11D3-BF4B-00C04F79EFBC}") = "WorldFestSolution.WebAPI", "WorldFestSolution.WebAPI\WorldFestSolution.WebAPI.csproj", "{A0B67306-A809-4181-9B14-1C2EA9CA551A}"
EndProject
Project("{FAE04EC0-301F-11D3-BF4B-00C04F79EFBC}") = "WorldFestSolution.XamarinApp.Android", "WorldFestSolution.XamarinApp\WorldFestSolution.XamarinApp.Android\WorldFestSolution.XamarinApp.Android.csproj", "{72B93543-A753-4CF1-A6C3-0AB1E00E93D7}"
EndProject
Project("{9A19103F-16F7-4668-BE54-9A1E7A4F7556}") = "WorldFestSolution.XamarinApp", "WorldFestSolution.XamarinApp\WorldFestSolution.XamarinApp\WorldFestSolution.XamarinApp.csproj", "{6F216A06-96E1-4BD1-A45E-F3AEE2C95919}"
EndProject
Project("{2150E333-8FDC-42A3-9474-1A3956D46DE8}") = "Solution Items", "Solution Items", "{9003949A-D2AC-492B-AA22-F3D650261FC5}"
	ProjectSection(SolutionItems) = preProject
		.editorconfig = .editorconfig
	EndProjectSection
EndProject
Global
	GlobalSection(SolutionConfigurationPlatforms) = preSolution
		Debug|Any CPU = Debug|Any CPU
		Release|Any CPU = Release|Any CPU
	EndGlobalSection
	GlobalSection(ProjectConfigurationPlatforms) = postSolution
		{19BF50B4-1541-4D21-8E41-1580F912E65A}.Debug|Any CPU.ActiveCfg = Debug|Any CPU
		{19BF50B4-1541-4D21-8E41-1580F912E65A}.Debug|Any CPU.Build.0 = Debug|Any CPU
		{19BF50B4-1541-4D21-8E41-1580F912E65A}.Release|Any CPU.ActiveCfg = Release|Any CPU
		{19BF50B4-1541-4D21-8E41-1580F912E65A}.Release|Any CPU.Build.0 = Release|Any CPU
		{A0B67306-A809-4181-9B14-1C2EA9CA551A}.Debug|Any CPU.ActiveCfg = Debug|Any CPU
		{A0B67306-A809-4181-9B14-1C2EA9CA551A}.Debug|Any CPU.Build.0 = Debug|Any CPU
		{A0B67306-A809-4181-9B14-1C2EA9CA551A}.Release|Any CPU.ActiveCfg = Release|Any CPU
		{A0B67306-A809-4181-9B14-1C2EA9CA551A}.Release|Any CPU.Build.0 = Release|Any CPU
		{72B93543-A753-4CF1-A6C3-0AB1E00E93D7}.Debug|Any CPU.ActiveCfg = Debug|Any CPU
		{72B93543-A753-4CF1-A6C3-0AB1E00E93D7}.Debug|Any CPU.Build.0 = Debug|Any CPU
		{72B93543-A753-4CF1-A6C3-0AB1E00E93D7}.Debug|Any CPU.Deploy.0 = Debug|Any CPU
		{72B93543-A753-4CF1-A6C3-0AB1E00E93D7}.Release|Any CPU.ActiveCfg = Release|Any CPU
		{72B93543-A753-4CF1-A6C3-0AB1E00E93D7}.Release|Any CPU.Build.0 = Release|Any CPU
		{72B93543-A753-4CF1-A6C3-0AB1E00E93D7}.Release|Any CPU.Deploy.0 = Release|Any CPU
		{6F216A06-96E1-4BD1-A45E-F3AEE2C95919}.Debug|Any CPU.ActiveCfg = Debug|Any CPU
		{6F216A06-96E1-4BD1-A45E-F3AEE2C95919}.Debug|Any CPU.Build.0 = Debug|Any CPU
		{6F216A06-96E1-4BD1-A45E-F3AEE2C95919}.Release|Any CPU.ActiveCfg = Release|Any CPU
		{6F216A06-96E1-4BD1-A45E-F3AEE2C95919}.Release|Any CPU.Build.0 = Release|Any CPU
	EndGlobalSection
	GlobalSection(SolutionProperties) = preSolution
		HideSolutionNode = FALSE
	EndGlobalSection
	GlobalSection(ExtensibilityGlobals) = postSolution
		SolutionGuid = {1219D15A-3DA9-485D-8160-5448B48A7579}
	EndGlobalSection
EndGlobal
